dependencies:
- name: happyfood-common
  repository: file://../../happyfood-common
  version: 0.1.0
- name: configserver
  repository: file://../../happyfood-services/configserver
  version: 0.1.0
- name: accountsdb
  repository: file://../../happyfood-services/accountsdb
  version: 0.1.0
- name: accounts
  repository: file://../../happyfood-services/accounts
  version: 0.1.0
- name: postsdb
  repository: file://../../happyfood-services/postsdb
  version: 0.1.0
- name: posts
  repository: file://../../happyfood-services/posts
  version: 0.1.0
- name: chatsdb
  repository: file://../../happyfood-services/chatsdb
  version: 0.1.0
- name: chats
  repository: file://../../happyfood-services/chats
  version: 0.1.0
- name: notificationsdb
  repository: file://../../happyfood-services/notificationsdb
  version: 0.1.0
- name: notifications
  repository: file://../../happyfood-services/notifications
  version: 0.1.0
- name: gatewayserver
  repository: file://../../happyfood-services/gatewayserver
  version: 0.1.0
digest: sha256:96138e20420fecfdd306c8c80d2555b58d0439aecd8f7699b63389d0deaafd51
generated: "2024-11-16T10:00:59.952759698+07:00"
