dependencies:
- name: happyfood-common
  repository: file://../../happyfood-common
  version: 0.1.0
- name: configserver
  repository: file://../../happyfood-services/configserver
  version: 0.1.0
- name: accountsdb
  repository: file://../../happyfood-services/accountsdb
  version: 0.1.0
- name: accounts
  repository: file://../../happyfood-services/accounts
  version: 0.1.0
- name: postsdb
  repository: file://../../happyfood-services/postsdb
  version: 0.1.0
- name: posts
  repository: file://../../happyfood-services/posts
  version: 0.1.0
- name: organizationpostsdb
  repository: file://../../happyfood-services/organizationpostsdb
  version: 0.1.0
- name: organizationposts
  repository: file://../../happyfood-services/organizationposts
  version: 0.1.0
- name: chatsdb
  repository: file://../../happyfood-services/chatsdb
  version: 0.1.0
- name: chats
  repository: file://../../happyfood-services/chats
  version: 0.1.0
- name: notificationsdb
  repository: file://../../happyfood-services/notificationsdb
  version: 0.1.0
- name: notifications
  repository: file://../../happyfood-services/notifications
  version: 0.1.0
- name: auth
  repository: file://../../happyfood-services/auth
  version: 0.1.0
- name: gatewayserver
  repository: file://../../happyfood-services/gatewayserver
  version: 0.1.0
- name: media
  repository: file://../../happyfood-services/media
  version: 0.1.0
digest: sha256:6a0c9fe957b6479e914a10420c3e9ac8ebb08e39bf7ab6ebc527b2579e3fce52
generated: "2024-05-18T13:58:35.4918055+07:00"
